// !$*UTF8*$!
{
	archiveVersion = 1;
	classes = {
	};
	objectVersion = 77;
	objects = {

/* Begin PBXBuildFile section */
		F825A2332F1DCD0A001CF3C7 /* MySQLNIO in Frameworks */ = {isa = PBXBuildFile; productRef = F825A2322F1DCD0A001CF3C7 /* MySQLNIO */; };
/* End PBXBuildFile section */

/* Begin PBXContainerItemProxy section */
		F8DDC9FE2F1DBAC000D78685 /* PBXContainerItemProxy */ = {
			isa = PBXContainerItemProxy;
			containerPortal = F8DDC9E62F1DBABE00D78685 /* Project object */;
			proxyType = 1;
			remoteGlobalIDString = F8DDC9ED2F1DBABE00D78685;
			remoteInfo = "DB-Claude";
		};
		F8DDCA082F1DBAC000D78685 /* PBXContainerItemProxy */ = {
			isa = PBXContainerItemProxy;
			containerPortal = F8DDC9E62F1DBABE00D78685 /* Project object */;
			proxyType = 1;
			remoteGlobalIDString = F8DDC9ED2F1DBABE00D78685;
			remoteInfo = "DB-Claude";
		};
/* End PBXContainerItemProxy section */

/* Begin PBXFileReference section */
		F8DDC9EE2F1DBABE00D78685 /* DB-Claude.app */ = {isa = PBXFileReference; explicitFileType = wrapper.application; includeInIndex = 0; path = "DB-Claude.app"; sourceTree = BUILT_PRODUCTS_DIR; };
		F8DDC9FD2F1DBAC000D78685 /* DB-ClaudeTests.xctest */ = {isa = PBXFileReference; explicitFileType = wrapper.cfbundle; includeInIndex = 0; path = "DB-ClaudeTests.xctest"; sourceTree = BUILT_PRODUCTS_DIR; };
		F8DDCA072F1DBAC000D78685 /* DB-ClaudeUITests.xctest */ = {isa = PBXFileReference; explicitFileType = wrapper.cfbundle; includeInIndex = 0; path = "DB-ClaudeUITests.xctest"; sourceTree = BUILT_PRODUCTS_DIR; };
/* End PBXFileReference section */

/* Begin PBXFileSystemSynchronizedRootGroup section */
		F8DDC9F02F1DBABE00D78685 /* DB-Claude */ = {
			isa = PBXFileSystemSynchronizedRootGroup;
			path = "DB-Claude";
			sourceTree = "<group>";
		};
		F8DDCA002F1DBAC000D78685 /* DB-ClaudeTests */ = {
			isa = PBXFileSystemSynchronizedRootGroup;
			path = "DB-ClaudeTests";
			sourceTree = "<group>";
		};
		F8DDCA0A2F1DBAC000D78685 /* DB-ClaudeUITests */ = {
			isa = PBXFileSystemSynchronizedRootGroup;
			path = "DB-ClaudeUITests";
			sourceTree = "<group>";
		};
/* End PBXFileSystemSynchronizedRootGroup section */

/* Begin PBXFrameworksBuildPhase section */
		F8DDC9EB2F1DBABE00D78685 /* Frameworks */ = {
			isa = PBXFrameworksBuildPhase;
			buildActionMask = 2147483647;
			files = (
				F825A2332F1DCD0A001CF3C7 /* MySQLNIO in Frameworks */,
			);
			runOnlyForDeploymentPostprocessing = 0;
		};
		F8DDC9FA2F1DBAC000D78685 /* Frameworks */ = {
			isa = PBXFrameworksBuildPhase;
			buildActionMask = 2147483647;
			files = (
			);
			runOnlyForDeploymentPostprocessing = 0;
		};
		F8DDCA042F1DBAC000D78685 /* Frameworks */ = {
			isa = PBXFrameworksBuildPhase;
			buildActionMask = 2147483647;
			files = (
			);
			runOnlyForDeploymentPostprocessing = 0;
		};
/* End PBXFrameworksBuildPhase section */

/* Begin PBXGroup section */
		F825A2312F1DCD0A001CF3C7 /* Frameworks */ = {
			isa = PBXGroup;
			children = (
			);
			name = Frameworks;
			sourceTree = "<group>";
		};
		F8DDC9E52F1DBABE00D78685 = {
			isa = PBXGroup;
			children = (
				F8DDC9F02F1DBABE00D78685 /* DB-Claude */,
				F8DDCA002F1DBAC000D78685 /* DB-ClaudeTests */,
				F8DDCA0A2F1DBAC000D78685 /* DB-ClaudeUITests */,
				F825A2312F1DCD0A001CF3C7 /* Frameworks */,
				F8DDC9EF2F1DBABE00D78685 /* Products */,
			);
			sourceTree = "<group>";
		};
		F8DDC9EF2F1DBABE00D78685 /* Products */ = {
			isa = PBXGroup;
			children = (
				F8DDC9EE2F1DBABE00D78685 /* DB-Claude.app */,
				F8DDC9FD2F1DBAC000D78685 /* DB-ClaudeTests.xctest */,
				F8DDCA072F1DBAC000D78685 /* DB-ClaudeUITests.xctest */,
			);
			name = Products;
			sourceTree = "<group>";
		};
/* End PBXGroup section */

/* Begin PBXNativeTarget section */
		F8DDC9ED2F1DBABE00D78685 /* DB-Claude */ = {
			isa = PBXNativeTarget;
			buildConfigurationList = F8DDCA112F1DBAC000D78685 /* Build configuration list for PBXNativeTarget "DB-Claude" */;
			buildPhases = (
				F8DDC9EA2F1DBABE00D78685 /* Sources */,
				F8DDC9EB2F1DBABE00D78685 /* Frameworks */,
				F8DDC9EC2F1DBABE00D78685 /* Resources */,
			);
			buildRules = (
			);
			dependencies = (
			);
			fileSystemSynchronizedGroups = (
				F8DDC9F02F1DBABE00D78685 /* DB-Claude */,
			);
			name = "DB-Claude";
			packageProductDependencies = (
				F825A2322F1DCD0A001CF3C7 /* MySQLNIO */,
			);
			productName = "DB-Claude";
			productReference = F8DDC9EE2F1DBABE00D78685 /* DB-Claude.app */;
			productType = "com.apple.product-type.application";
		};
		F8DDC9FC2F1DBAC000D78685 /* DB-ClaudeTests */ = {
			isa = PBXNativeTarget;
			buildConfigurationList = F8DDCA142F1DBAC000D78685 /* Build configuration list for PBXNativeTarget "DB-ClaudeTests" */;
			buildPhases = (
				F8DDC9F92F1DBAC000D78685 /* Sources */,
				F8DDC9FA2F1DBAC000D78685 /* Frameworks */,
				F8DDC9FB2F1DBAC000D78685 /* Resources */,
			);
			buildRules = (
			);
			dependencies = (
				F8DDC9FF2F1DBAC000D78685 /* PBXTargetDependency */,
			);
			fileSystemSynchronizedGroups = (
				F8DDCA002F1DBAC000D78685 /* DB-ClaudeTests */,
			);
			name = "DB-ClaudeTests";
			packageProductDependencies = (
			);
			productName = "DB-ClaudeTests";
			productReference = F8DDC9FD2F1DBAC000D78685 /* DB-ClaudeTests.xctest */;
			productType = "com.apple.product-type.bundle.unit-test";
		};
		F8DDCA062F1DBAC000D78685 /* DB-ClaudeUITests */ = {
			isa = PBXNativeTarget;
			buildConfigurationList = F8DDCA172F1DBAC000D78685 /* Build configuration list for PBXNativeTarget "DB-ClaudeUITests" */;
			buildPhases = (
				F8DDCA032F1DBAC000D78685 /* Sources */,
				F8DDCA042F1DBAC000D78685 /* Frameworks */,
				F8DDCA052F1DBAC000D78685 /* Resources */,
			);
			buildRules = (
			);
			dependencies = (
				F8DDCA092F1DBAC000D78685 /* PBXTargetDependency */,
			);
			fileSystemSynchronizedGroups = (
				F8DDCA0A2F1DBAC000D78685 /* DB-ClaudeUITests */,
			);
			name = "DB-ClaudeUITests";
			packageProductDependencies = (
			);
			productName = "DB-ClaudeUITests";
			productReference = F8DDCA072F1DBAC000D78685 /* DB-ClaudeUITests.xctest */;
			productType = "com.apple.product-type.bundle.ui-testing";
		};
/* End PBXNativeTarget section */

/* Begin PBXProject section */
		F8DDC9E62F1DBABE00D78685 /* Project object */ = {
			isa = PBXProject;
			attributes = {
				BuildIndependentTargetsInParallel = 1;
				LastSwiftUpdateCheck = 2620;
				LastUpgradeCheck = 2620;
				TargetAttributes = {
					F8DDC9ED2F1DBABE00D78685 = {
						CreatedOnToolsVersion = 26.2;
					};
					F8DDC9FC2F1DBAC000D78685 = {
						CreatedOnToolsVersion = 26.2;
						TestTargetID = F8DDC9ED2F1DBABE00D78685;
					};
					F8DDCA062F1DBAC000D78685 = {
						CreatedOnToolsVersion = 26.2;
						TestTargetID = F8DDC9ED2F1DBABE00D78685;
					};
				};
			};
			buildConfigurationList = F8DDC9E92F1DBABE00D78685 /* Build configuration list for PBXProject "DB-Claude" */;
			developmentRegion = en;
			hasScannedForEncodings = 0;
			knownRegions = (
				en,
				Base,
			);
			mainGroup = F8DDC9E52F1DBABE00D78685;
			minimizedProjectReferenceProxies = 1;
			packageReferences = (
				F8DDCA372F1DCB0700D78685 /* XCRemoteSwiftPackageReference "mysql-nio" */,
			);
			preferredProjectObjectVersion = 77;
			productRefGroup = F8DDC9EF2F1DBABE00D78685 /* Products */;
			projectDirPath = "";
			projectRoot = "";
			targets = (
				F8DDC9ED2F1DBABE00D78685 /* DB-Claude */,
				F8DDC9FC2F1DBAC000D78685 /* DB-ClaudeTests */,
				F8DDCA062F1DBAC000D78685 /* DB-ClaudeUITests */,
			);
		};
/* End PBXProject section */

/* Begin PBXResourcesBuildPhase section */
		F8DDC9EC2F1DBABE00D78685 /* Resources */ = {
			isa = PBXResourcesBuildPhase;
			buildActionMask = 2147483647;
			files = (
			);
			runOnlyForDeploymentPostprocessing = 0;
		};
		F8DDC9FB2F1DBAC000D78685 /* Resources */ = {
			isa = PBXResourcesBuildPhase;
			buildActionMask = 2147483647;
			files = (
			);
			runOnlyForDeploymentPostprocessing = 0;
		};
		F8DDCA052F1DBAC000D78685 /* Resources */ = {
			isa = PBXResourcesBuildPhase;
			buildActionMask = 2147483647;
			files = (
			);
			runOnlyForDeploymentPostprocessing = 0;
		};
/* End PBXResourcesBuildPhase section */

/* Begin PBXSourcesBuildPhase section */
		F8DDC9EA2F1DBABE00D78685 /* Sources */ = {
			isa = PBXSourcesBuildPhase;
			buildActionMask = 2147483647;
			files = (
			);
			runOnlyForDeploymentPostprocessing = 0;
		};
		F8DDC9F92F1DBAC000D78685 /* Sources */ = {
			isa = PBXSourcesBuildPhase;
			buildActionMask = 2147483647;
			files = (
			);
			runOnlyForDeploymentPostprocessing = 0;
		};
		F8DDCA032F1DBAC000D78685 /* Sources */ = {
			isa = PBXSourcesBuildPhase;
			buildActionMask = 2147483647;
			files = (
			);
			runOnlyForDeploymentPostprocessing = 0;
		};
/* End PBXSourcesBuildPhase section */

/* Begin PBXTargetDependency section */
		F8DDC9FF2F1DBAC000D78685 /* PBXTargetDependency */ = {
			isa = PBXTargetDependency;
			target = F8DDC9ED2F1DBABE00D78685 /* DB-Claude */;
			targetProxy = F8DDC9FE2F1DBAC000D78685 /* PBXContainerItemProxy */;
		};
		F8DDCA092F1DBAC000D78685 /* PBXTargetDependency */ = {
			isa = PBXTargetDependency;
			target = F8DDC9ED2F1DBABE00D78685 /* DB-Claude */;
			targetProxy = F8DDCA082F1DBAC000D78685 /* PBXContainerItemProxy */;
		};
/* End PBXTargetDependency section */

/* Begin XCBuildConfiguration section */
		F8DDCA0F2F1DBAC000D78685 /* Debug */ = {
			isa = XCBuildConfiguration;
			buildSettings = {
				ALWAYS_SEARCH_USER_PATHS = NO;
				ASSETCATALOG_COMPILER_GENERATE_SWIFT_ASSET_SYMBOL_EXTENSIONS = YES;
				CLANG_ANALYZER_NONNULL = YES;
				CLANG_ANALYZER_NUMBER_OBJECT_CONVERSION = YES_AGGRESSIVE;
				CLANG_CXX_LANGUAGE_STANDARD = "gnu++20";
				CLANG_ENABLE_MODULES = YES;
				CLANG_ENABLE_OBJC_ARC = YES;
				CLANG_ENABLE_OBJC_WEAK = YES;
				CLANG_WARN_BLOCK_CAPTURE_AUTORELEASING = YES;
				CLANG_WARN_BOOL_CONVERSION = YES;
				CLANG_WARN_COMMA = YES;
				CLANG_WARN_CONSTANT_CONVERSION = YES;
				CLANG_WARN_DEPRECATED_OBJC_IMPLEMENTATIONS = YES;
				CLANG_WARN_DIRECT_OBJC_ISA_USAGE = YES_ERROR;
				CLANG_WARN_DOCUMENTATION_COMMENTS = YES;
				CLANG_WARN_EMPTY_BODY = YES;
				CLANG_WARN_ENUM_CONVERSION = YES;
				CLANG_WARN_INFINITE_RECURSION = YES;
				CLANG_WARN_INT_CONVERSION = YES;
				CLANG_WARN_NON_LITERAL_NULL_CONVERSION = YES;
				CLANG_WARN_OBJC_IMPLICIT_RETAIN_SELF = YES;
				CLANG_WARN_OBJC_LITERAL_CONVERSION = YES;
				CLANG_WARN_OBJC_ROOT_CLASS = YES_ERROR;
				CLANG_WARN_QUOTED_INCLUDE_IN_FRAMEWORK_HEADER = YES;
				CLANG_WARN_RANGE_LOOP_ANALYSIS = YES;
				CLANG_WARN_STRICT_PROTOTYPES = YES;
				CLANG_WARN_SUSPICIOUS_MOVE = YES;
				CLANG_WARN_UNGUARDED_AVAILABILITY = YES_AGGRESSIVE;
				CLANG_WARN_UNREACHABLE_CODE = YES;
				CLANG_WARN__DUPLICATE_METHOD_MATCH = YES;
				COPY_PHASE_STRIP = NO;
				DEBUG_INFORMATION_FORMAT = dwarf;
				ENABLE_STRICT_OBJC_MSGSEND = YES;
				ENABLE_TESTABILITY = YES;
				ENABLE_USER_SCRIPT_SANDBOXING = YES;
				GCC_C_LANGUAGE_STANDARD = gnu17;
				GCC_DYNAMIC_NO_PIC = NO;
				GCC_NO_COMMON_BLOCKS = YES;
				GCC_OPTIMIZATION_LEVEL = 0;
				GCC_PREPROCESSOR_DEFINITIONS = (
					"DEBUG=1",
					"$(inherited)",
				);
				GCC_WARN_64_TO_32_BIT_CONVERSION = YES;
				GCC_WARN_ABOUT_RETURN_TYPE = YES_ERROR;
				GCC_WARN_UNDECLARED_SELECTOR = YES;
				GCC_WARN_UNINITIALIZED_AUTOS = YES_AGGRESSIVE;
				GCC_WARN_UNUSED_FUNCTION = YES;
				GCC_WARN_UNUSED_VARIABLE = YES;
				LOCALIZATION_PREFERS_STRING_CATALOGS = YES;
				MACOSX_DEPLOYMENT_TARGET = 15.7;
				MTL_ENABLE_DEBUG_INFO = INCLUDE_SOURCE;
				MTL_FAST_MATH = YES;
				ONLY_ACTIVE_ARCH = YES;
				SDKROOT = macosx;
				SWIFT_ACTIVE_COMPILATION_CONDITIONS = "DEBUG $(inherited)";
				SWIFT_OPTIMIZATION_LEVEL = "-Onone";
			};
			name = Debug;
		};
		F8DDCA102F1DBAC000D78685 /* Release */ = {
			isa = XCBuildConfiguration;
			buildSettings = {
				ALWAYS_SEARCH_USER_PATHS = NO;
				ASSETCATALOG_COMPILER_GENERATE_SWIFT_ASSET_SYMBOL_EXTENSIONS = YES;
				CLANG_ANALYZER_NONNULL = YES;
				CLANG_ANALYZER_NUMBER_OBJECT_CONVERSION = YES_AGGRESSIVE;
				CLANG_CXX_LANGUAGE_STANDARD = "gnu++20";
				CLANG_ENABLE_MODULES = YES;
				CLANG_ENABLE_OBJC_ARC = YES;
				CLANG_ENABLE_OBJC_WEAK = YES;
				CLANG_WARN_BLOCK_CAPTURE_AUTORELEASING = YES;
				CLANG_WARN_BOOL_CONVERSION = YES;
				CLANG_WARN_COMMA = YES;
				CLANG_WARN_CONSTANT_CONVERSION = YES;
				CLANG_WARN_DEPRECATED_OBJC_IMPLEMENTATIONS = YES;
				CLANG_WARN_DIRECT_OBJC_ISA_USAGE = YES_ERROR;
				CLANG_WARN_DOCUMENTATION_COMMENTS = YES;
				CLANG_WARN_EMPTY_BODY = YES;
				CLANG_WARN_ENUM_CONVERSION = YES;
				CLANG_WARN_INFINITE_RECURSION = YES;
				CLANG_WARN_INT_CONVERSION = YES;
				CLANG_WARN_NON_LITERAL_NULL_CONVERSION = YES;
				CLANG_WARN_OBJC_IMPLICIT_RETAIN_SELF = YES;
				CLANG_WARN_OBJC_LITERAL_CONVERSION = YES;
				CLANG_WARN_OBJC_ROOT_CLASS = YES_ERROR;
				CLANG_WARN_QUOTED_INCLUDE_IN_FRAMEWORK_HEADER = YES;
				CLANG_WARN_RANGE_LOOP_ANALYSIS = YES;
				CLANG_WARN_STRICT_PROTOTYPES = YES;
				CLANG_WARN_SUSPICIOUS_MOVE = YES;
				CLANG_WARN_UNGUARDED_AVAILABILITY = YES_AGGRESSIVE;
				CLANG_WARN_UNREACHABLE_CODE = YES;
				CLANG_WARN__DUPLICATE_METHOD_MATCH = YES;
				COPY_PHASE_STRIP = NO;
				DEBUG_INFORMATION_FORMAT = "dwarf-with-dsym";
				ENABLE_NS_ASSERTIONS = NO;
				ENABLE_STRICT_OBJC_MSGSEND = YES;
				ENABLE_USER_SCRIPT_SANDBOXING = YES;
				GCC_C_LANGUAGE_STANDARD = gnu17;
				GCC_NO_COMMON_BLOCKS = YES;
				GCC_WARN_64_TO_32_BIT_CONVERSION = YES;
				GCC_WARN_ABOUT_RETURN_TYPE = YES_ERROR;
				GCC_WARN_UNDECLARED_SELECTOR = YES;
				GCC_WARN_UNINITIALIZED_AUTOS = YES_AGGRESSIVE;
				GCC_WARN_UNUSED_FUNCTION = YES;
				GCC_WARN_UNUSED_VARIABLE = YES;
				LOCALIZATION_PREFERS_STRING_CATALOGS = YES;
				MACOSX_DEPLOYMENT_TARGET = 15.7;
				MTL_ENABLE_DEBUG_INFO = NO;
				MTL_FAST_MATH = YES;
				SDKROOT = macosx;
				SWIFT_COMPILATION_MODE = wholemodule;
			};
			name = Release;
		};
		F8DDCA122F1DBAC000D78685 /* Debug */ = {
			isa = XCBuildConfiguration;
			buildSettings = {
				ASSETCATALOG_COMPILER_APPICON_NAME = AppIcon;
				ASSETCATALOG_COMPILER_GLOBAL_ACCENT_COLOR_NAME = AccentColor;
				CODE_SIGN_ENTITLEMENTS = "DB-Claude/DB-Claude.entitlements";
				CODE_SIGN_STYLE = Automatic;
				COMBINE_HIDPI_IMAGES = YES;
				CURRENT_PROJECT_VERSION = 1;
				ENABLE_APP_SANDBOX = YES;
				ENABLE_PREVIEWS = YES;
				ENABLE_USER_SELECTED_FILES = readonly;
				GENERATE_INFOPLIST_FILE = YES;
				INFOPLIST_KEY_NSHumanReadableCopyright = "";
				LD_RUNPATH_SEARCH_PATHS = (
					"$(inherited)",
					"@executable_path/../Frameworks",
				);
				MARKETING_VERSION = 1.0;
				PRODUCT_BUNDLE_IDENTIFIER = "yichen.DB-Claude";
				PRODUCT_NAME = "$(TARGET_NAME)";
				REGISTER_APP_GROUPS = YES;
				STRING_CATALOG_GENERATE_SYMBOLS = YES;
				SWIFT_APPROACHABLE_CONCURRENCY = YES;
				SWIFT_DEFAULT_ACTOR_ISOLATION = MainActor;
				SWIFT_EMIT_LOC_STRINGS = YES;
				SWIFT_UPCOMING_FEATURE_MEMBER_IMPORT_VISIBILITY = YES;
				SWIFT_VERSION = 5.0;
			};
			name = Debug;
		};
		F8DDCA132F1DBAC000D78685 /* Release */ = {
			isa = XCBuildConfiguration;
			buildSettings = {
				ASSETCATALOG_COMPILER_APPICON_NAME = AppIcon;
				ASSETCATALOG_COMPILER_GLOBAL_ACCENT_COLOR_NAME = AccentColor;
				CODE_SIGN_ENTITLEMENTS = "DB-Claude/DB-Claude.entitlements";
				CODE_SIGN_STYLE = Automatic;
				COMBINE_HIDPI_IMAGES = YES;
				CURRENT_PROJECT_VERSION = 1;
				ENABLE_APP_SANDBOX = YES;
				ENABLE_PREVIEWS = YES;
				ENABLE_USER_SELECTED_FILES = readonly;
				GENERATE_INFOPLIST_FILE = YES;
				INFOPLIST_KEY_NSHumanReadableCopyright = "";
				LD_RUNPATH_SEARCH_PATHS = (
					"$(inherited)",
					"@executable_path/../Frameworks",
				);
				MARKETING_VERSION = 1.0;
				PRODUCT_BUNDLE_IDENTIFIER = "yichen.DB-Claude";
				PRODUCT_NAME = "$(TARGET_NAME)";
				REGISTER_APP_GROUPS = YES;
				STRING_CATALOG_GENERATE_SYMBOLS = YES;
				SWIFT_APPROACHABLE_CONCURRENCY = YES;
				SWIFT_DEFAULT_ACTOR_ISOLATION = MainActor;
				SWIFT_EMIT_LOC_STRINGS = YES;
				SWIFT_UPCOMING_FEATURE_MEMBER_IMPORT_VISIBILITY = YES;
				SWIFT_VERSION = 5.0;
			};
			name = Release;
		};
		F8DDCA152F1DBAC000D78685 /* Debug */ = {
			isa = XCBuildConfiguration;
			buildSettings = {
				BUNDLE_LOADER = "$(TEST_HOST)";
				CODE_SIGN_STYLE = Automatic;
				CURRENT_PROJECT_VERSION = 1;
				GENERATE_INFOPLIST_FILE = YES;
				MACOSX_DEPLOYMENT_TARGET = 15.7;
				MARKETING_VERSION = 1.0;
				PRODUCT_BUNDLE_IDENTIFIER = "yichen.DB-ClaudeTests";
				PRODUCT_NAME = "$(TARGET_NAME)";
				STRING_CATALOG_GENERATE_SYMBOLS = NO;
				SWIFT_APPROACHABLE_CONCURRENCY = YES;
				SWIFT_EMIT_LOC_STRINGS = NO;
				SWIFT_UPCOMING_FEATURE_MEMBER_IMPORT_VISIBILITY = YES;
				SWIFT_VERSION = 5.0;
				TEST_HOST = "$(BUILT_PRODUCTS_DIR)/DB-Claude.app/$(BUNDLE_EXECUTABLE_FOLDER_PATH)/DB-Claude";
			};
			name = Debug;
		};
		F8DDCA162F1DBAC000D78685 /* Release */ = {
			isa = XCBuildConfiguration;
			buildSettings = {
				BUNDLE_LOADER = "$(TEST_HOST)";
				CODE_SIGN_STYLE = Automatic;
				CURRENT_PROJECT_VERSION = 1;
				GENERATE_INFOPLIST_FILE = YES;
				MACOSX_DEPLOYMENT_TARGET = 15.7;
				MARKETING_VERSION = 1.0;
				PRODUCT_BUNDLE_IDENTIFIER = "yichen.DB-ClaudeTests";
				PRODUCT_NAME = "$(TARGET_NAME)";
				STRING_CATALOG_GENERATE_SYMBOLS = NO;
				SWIFT_APPROACHABLE_CONCURRENCY = YES;
				SWIFT_EMIT_LOC_STRINGS = NO;
				SWIFT_UPCOMING_FEATURE_MEMBER_IMPORT_VISIBILITY = YES;
				SWIFT_VERSION = 5.0;
				TEST_HOST = "$(BUILT_PRODUCTS_DIR)/DB-Claude.app/$(BUNDLE_EXECUTABLE_FOLDER_PATH)/DB-Claude";
			};
			name = Release;
		};
		F8DDCA182F1DBAC000D78685 /* Debug */ = {
			isa = XCBuildConfiguration;
			buildSettings = {
				CODE_SIGN_STYLE = Automatic;
				CURRENT_PROJECT_VERSION = 1;
				GENERATE_INFOPLIST_FILE = YES;
				MARKETING_VERSION = 1.0;
				PRODUCT_BUNDLE_IDENTIFIER = "yichen.DB-ClaudeUITests";
				PRODUCT_NAME = "$(TARGET_NAME)";
				STRING_CATALOG_GENERATE_SYMBOLS = NO;
				SWIFT_APPROACHABLE_CONCURRENCY = YES;
				SWIFT_EMIT_LOC_STRINGS = NO;
				SWIFT_UPCOMING_FEATURE_MEMBER_IMPORT_VISIBILITY = YES;
				SWIFT_VERSION = 5.0;
				TEST_TARGET_NAME = "DB-Claude";
			};
			name = Debug;
		};
		F8DDCA192F1DBAC000D78685 /* Release */ = {
			isa = XCBuildConfiguration;
			buildSettings = {
				CODE_SIGN_STYLE = Automatic;
				CURRENT_PROJECT_VERSION = 1;
				GENERATE_INFOPLIST_FILE = YES;
				MARKETING_VERSION = 1.0;
				PRODUCT_BUNDLE_IDENTIFIER = "yichen.DB-ClaudeUITests";
				PRODUCT_NAME = "$(TARGET_NAME)";
				STRING_CATALOG_GENERATE_SYMBOLS = NO;
				SWIFT_APPROACHABLE_CONCURRENCY = YES;
				SWIFT_EMIT_LOC_STRINGS = NO;
				SWIFT_UPCOMING_FEATURE_MEMBER_IMPORT_VISIBILITY = YES;
				SWIFT_VERSION = 5.0;
				TEST_TARGET_NAME = "DB-Claude";
			};
			name = Release;
		};
/* End XCBuildConfiguration section */

/* Begin XCConfigurationList section */
		F8DDC9E92F1DBABE00D78685 /* Build configuration list for PBXProject "DB-Claude" */ = {
			isa = XCConfigurationList;
			buildConfigurations = (
				F8DDCA0F2F1DBAC000D78685 /* Debug */,
				F8DDCA102F1DBAC000D78685 /* Release */,
			);
			defaultConfigurationIsVisible = 0;
			defaultConfigurationName = Release;
		};
		F8DDCA112F1DBAC000D78685 /* Build configuration list for PBXNativeTarget "DB-Claude" */ = {
			isa = XCConfigurationList;
			buildConfigurations = (
				F8DDCA122F1DBAC000D78685 /* Debug */,
				F8DDCA132F1DBAC000D78685 /* Release */,
			);
			defaultConfigurationIsVisible = 0;
			defaultConfigurationName = Release;
		};
		F8DDCA142F1DBAC000D78685 /* Build configuration list for PBXNativeTarget "DB-ClaudeTests" */ = {
			isa = XCConfigurationList;
			buildConfigurations = (
				F8DDCA152F1DBAC000D78685 /* Debug */,
				F8DDCA162F1DBAC000D78685 /* Release */,
			);
			defaultConfigurationIsVisible = 0;
			defaultConfigurationName = Release;
		};
		F8DDCA172F1DBAC000D78685 /* Build configuration list for PBXNativeTarget "DB-ClaudeUITests" */ = {
			isa = XCConfigurationList;
			buildConfigurations = (
				F8DDCA182F1DBAC000D78685 /* Debug */,
				F8DDCA192F1DBAC000D78685 /* Release */,
			);
			defaultConfigurationIsVisible = 0;
			defaultConfigurationName = Release;
		};
/* End XCConfigurationList section */

/* Begin XCRemoteSwiftPackageReference section */
		F8DDCA372F1DCB0700D78685 /* XCRemoteSwiftPackageReference "mysql-nio" */ = {
			isa = XCRemoteSwiftPackageReference;
			repositoryURL = "https://github.com/vapor/mysql-nio.git";
			requirement = {
				kind = upToNextMajorVersion;
				minimumVersion = 1.9.0;
			};
		};
/* End XCRemoteSwiftPackageReference section */

/* Begin XCSwiftPackageProductDependency section */
		F825A2322F1DCD0A001CF3C7 /* MySQLNIO */ = {
			isa = XCSwiftPackageProductDependency;
			package = F8DDCA372F1DCB0700D78685 /* XCRemoteSwiftPackageReference "mysql-nio" */;
			productName = MySQLNIO;
		};
/* End XCSwiftPackageProductDependency section */
	};
	rootObject = F8DDC9E62F1DBABE00D78685 /* Project object */;
}
